
Microsoft Visual Studio Solution File, Format Version 12.00
# Visual Studio Version 17
VisualStudioVersion = 17.11.35312.102
MinimumVisualStudioVersion = 10.0.40219.1
Project("{FAE04EC0-301F-11D3-BF4B-00C04F79EFBC}") = "ScrapingLib", "ScrapingLib.csproj", "{EE1C856F-EB39-437F-A24A-7767806286E5}"
EndProject
Global
	GlobalSection(SolutionConfigurationPlatforms) = preSolution
		Debug|Any CPU = Debug|Any CPU
		Release|Any CPU = Release|Any CPU
	EndGlobalSection
	GlobalSection(ProjectConfigurationPlatforms) = postSolution
		{EE1C856F-EB39-437F-A24A-7767806286E5}.Debug|Any CPU.ActiveCfg = Debug|Any CPU
		{EE1C856F-EB39-437F-A24A-7767806286E5}.Debug|Any CPU.Build.0 = Debug|Any CPU
		{EE1C856F-EB39-437F-A24A-7767806286E5}.Release|Any CPU.ActiveCfg = Release|Any CPU
		{EE1C856F-EB39-437F-A24A-7767806286E5}.Release|Any CPU.Build.0 = Release|Any CPU
	EndGlobalSection
	GlobalSection(SolutionProperties) = preSolution
		HideSolutionNode = FALSE
	EndGlobalSection
	GlobalSection(ExtensibilityGlobals) = postSolution
		SolutionGuid = {58B11485-1F18-415D-ACDC-E2717D523ACD}
	EndGlobalSection
EndGlobal
